Microsoft Visual Studio Solution File, Format Version 12.00
Project("{FAE04EC0-301F-11D3-BF4B-00C04F79EFBC}") = "OG", "OG\OG.csproj", "{D27F3D6C-9655-4D49-813A-397D06940E1A}"
EndProject
Project("{FAE04EC0-301F-11D3-BF4B-00C04F79EFBC}") = "Tests", "Tests\Tests.csproj", "{BBDDEBB2-C1BC-4378-BD8D-9D7D456748C9}"
EndProject
Global
	GlobalSection(SolutionConfigurationPlatforms) = preSolution
		Debug|Any CPU = Debug|Any CPU
		Release|Any CPU = Release|Any CPU
	EndGlobalSection
	GlobalSection(ProjectConfigurationPlatforms) = postSolution
		{D27F3D6C-9655-4D49-813A-397D06940E1A}.Debug|Any CPU.ActiveCfg = Debug|Any CPU
		{D27F3D6C-9655-4D49-813A-397D06940E1A}.Debug|Any CPU.Build.0 = Debug|Any CPU
		{D27F3D6C-9655-4D49-813A-397D06940E1A}.Release|Any CPU.ActiveCfg = Release|Any CPU
		{D27F3D6C-9655-4D49-813A-397D06940E1A}.Release|Any CPU.Build.0 = Release|Any CPU
		{BBDDEBB2-C1BC-4378-BD8D-9D7D456748C9}.Debug|Any CPU.ActiveCfg = Debug|Any CPU
		{BBDDEBB2-C1BC-4378-BD8D-9D7D456748C9}.Debug|Any CPU.Build.0 = Debug|Any CPU
		{BBDDEBB2-C1BC-4378-BD8D-9D7D456748C9}.Release|Any CPU.ActiveCfg = Release|Any CPU
		{BBDDEBB2-C1BC-4378-BD8D-9D7D456748C9}.Release|Any CPU.Build.0 = Release|Any CPU
	EndGlobalSection
EndGlobal